
Microsoft Visual Studio Solution File, Format Version 12.00
# Visual Studio 15
VisualStudioVersion = 15.0.27428.2015
MinimumVisualStudioVersion = 10.0.40219.1
Project("{FAE04EC0-301F-11D3-BF4B-00C04F79EFBC}") = "SacramentMeetingPlanner", "SacramentMeetingPlanner\SacramentMeetingPlanner.csproj", "{F35B140C-926C-4DD6-B187-33FD5D598F97}"
EndProject
Global
	GlobalSection(SolutionConfigurationPlatforms) = preSolution
		Debug|Any CPU = Debug|Any CPU
		Release|Any CPU = Release|Any CPU
	EndGlobalSection
	GlobalSection(ProjectConfigurationPlatforms) = postSolution
		{F35B140C-926C-4DD6-B187-33FD5D598F97}.Debug|Any CPU.ActiveCfg = Debug|Any CPU
		{F35B140C-926C-4DD6-B187-33FD5D598F97}.Debug|Any CPU.Build.0 = Debug|Any CPU
		{F35B140C-926C-4DD6-B187-33FD5D598F97}.Release|Any CPU.ActiveCfg = Release|Any CPU
		{F35B140C-926C-4DD6-B187-33FD5D598F97}.Release|Any CPU.Build.0 = Release|Any CPU
	EndGlobalSection
	GlobalSection(SolutionProperties) = preSolution
		HideSolutionNode = FALSE
	EndGlobalSection
	GlobalSection(ExtensibilityGlobals) = postSolution
		SolutionGuid = {35147E80-A957-47A6-A9FF-82767BA8298B}
	EndGlobalSection
EndGlobal
